
Microsoft Visual Studio Solution File, Format Version 12.00
# Visual Studio Version 17
VisualStudioVersion = 17.9.34714.143
MinimumVisualStudioVersion = 10.0.40219.1
Project("{FAE04EC0-301F-11D3-BF4B-00C04F79EFBC}") = "Talabat.APIs", "Talabat.APIs\Talabat.APIs.csproj", "{47B25351-D3C5-4A21-9CA6-01438D37273C}"
EndProject
Project("{FAE04EC0-301F-11D3-BF4B-00C04F79EFBC}") = "Talabat.Core", "Talabat.Core\Talabat.Core.csproj", "{8ED3F998-DC95-47B2-8295-1278D6198476}"
EndProject
Project("{FAE04EC0-301F-11D3-BF4B-00C04F79EFBC}") = "Talabat.Repository", "Talabat.Repository\Talabat.Repository.csproj", "{D8859D0D-E260-4F5A-8DD9-18E608DA36C2}"
EndProject
Project("{FAE04EC0-301F-11D3-BF4B-00C04F79EFBC}") = "Talabat.Service", "Talabat.Service\Talabat.Service.csproj", "{83FC10FD-81F7-48FE-A48E-8449BABE46B9}"
EndProject
Global
	GlobalSection(SolutionConfigurationPlatforms) = preSolution
		Debug|Any CPU = Debug|Any CPU
		Release|Any CPU = Release|Any CPU
	EndGlobalSection
	GlobalSection(ProjectConfigurationPlatforms) = postSolution
		{47B25351-D3C5-4A21-9CA6-01438D37273C}.Debug|Any CPU.ActiveCfg = Debug|Any CPU
		{47B25351-D3C5-4A21-9CA6-01438D37273C}.Debug|Any CPU.Build.0 = Debug|Any CPU
		{47B25351-D3C5-4A21-9CA6-01438D37273C}.Release|Any CPU.ActiveCfg = Release|Any CPU
		{47B25351-D3C5-4A21-9CA6-01438D37273C}.Release|Any CPU.Build.0 = Release|Any CPU
		{8ED3F998-DC95-47B2-8295-1278D6198476}.Debug|Any CPU.ActiveCfg = Debug|Any CPU
		{8ED3F998-DC95-47B2-8295-1278D6198476}.Debug|Any CPU.Build.0 = Debug|Any CPU
		{8ED3F998-DC95-47B2-8295-1278D6198476}.Release|Any CPU.ActiveCfg = Release|Any CPU
		{8ED3F998-DC95-47B2-8295-1278D6198476}.Release|Any CPU.Build.0 = Release|Any CPU
		{D8859D0D-E260-4F5A-8DD9-18E608DA36C2}.Debug|Any CPU.ActiveCfg = Debug|Any CPU
		{D8859D0D-E260-4F5A-8DD9-18E608DA36C2}.Debug|Any CPU.Build.0 = Debug|Any CPU
		{D8859D0D-E260-4F5A-8DD9-18E608DA36C2}.Release|Any CPU.ActiveCfg = Release|Any CPU
		{D8859D0D-E260-4F5A-8DD9-18E608DA36C2}.Release|Any CPU.Build.0 = Release|Any CPU
		{83FC10FD-81F7-48FE-A48E-8449BABE46B9}.Debug|Any CPU.ActiveCfg = Debug|Any CPU
		{83FC10FD-81F7-48FE-A48E-8449BABE46B9}.Debug|Any CPU.Build.0 = Debug|Any CPU
		{83FC10FD-81F7-48FE-A48E-8449BABE46B9}.Release|Any CPU.ActiveCfg = Release|Any CPU
		{83FC10FD-81F7-48FE-A48E-8449BABE46B9}.Release|Any CPU.Build.0 = Release|Any CPU
	EndGlobalSection
	GlobalSection(SolutionProperties) = preSolution
		HideSolutionNode = FALSE
	EndGlobalSection
	GlobalSection(ExtensibilityGlobals) = postSolution
		SolutionGuid = {514EF586-8872-447B-9E76-127F9C56C395}
	EndGlobalSection
EndGlobal
